
Microsoft Visual Studio Solution File, Format Version 12.00
Project("{FAE04EC0-301F-11D3-BF4B-00C04F79EFBC}") = "API", "API\API.csproj", "{D258BCC2-DF4F-4864-B355-770F973F29AE}"
EndProject
Project("{FAE04EC0-301F-11D3-BF4B-00C04F79EFBC}") = "UnitTests", "UnitTests\UnitTests.csproj", "{633D9F09-08D5-45B8-825E-203A0B5B7DBA}"
EndProject
Global
	GlobalSection(SolutionConfigurationPlatforms) = preSolution
		Debug|Any CPU = Debug|Any CPU
		Release|Any CPU = Release|Any CPU
	EndGlobalSection
	GlobalSection(ProjectConfigurationPlatforms) = postSolution
		{D258BCC2-DF4F-4864-B355-770F973F29AE}.Debug|Any CPU.ActiveCfg = Debug|Any CPU
		{D258BCC2-DF4F-4864-B355-770F973F29AE}.Debug|Any CPU.Build.0 = Debug|Any CPU
		{D258BCC2-DF4F-4864-B355-770F973F29AE}.Release|Any CPU.ActiveCfg = Release|Any CPU
		{D258BCC2-DF4F-4864-B355-770F973F29AE}.Release|Any CPU.Build.0 = Release|Any CPU
		{633D9F09-08D5-45B8-825E-203A0B5B7DBA}.Debug|Any CPU.ActiveCfg = Debug|Any CPU
		{633D9F09-08D5-45B8-825E-203A0B5B7DBA}.Debug|Any CPU.Build.0 = Debug|Any CPU
		{633D9F09-08D5-45B8-825E-203A0B5B7DBA}.Release|Any CPU.ActiveCfg = Release|Any CPU
		{633D9F09-08D5-45B8-825E-203A0B5B7DBA}.Release|Any CPU.Build.0 = Release|Any CPU
	EndGlobalSection
EndGlobal
